// !$*UTF8*$!
{
	archiveVersion = 1;
	classes = {
	};
	objectVersion = 56;
	objects = {

/* Begin PBXBuildFile section */
		4A428FEA2A7DA54D00695D16 /* TaTeTiTestApp.swift in Sources */ = {isa = PBXBuildFile; fileRef = 4A428FE92A7DA54D00695D16 /* TaTeTiTestApp.swift */; };
		4A428FEC2A7DA54D00695D16 /* ContentView.swift in Sources */ = {isa = PBXBuildFile; fileRef = 4A428FEB2A7DA54D00695D16 /* ContentView.swift */; };
		4A428FEE2A7DA54E00695D16 /* Assets.xcassets in Resources */ = {isa = PBXBuildFile; fileRef = 4A428FED2A7DA54E00695D16 /* Assets.xcassets */; };
		4A428FF12A7DA54E00695D16 /* Preview Assets.xcassets in Resources */ = {isa = PBXBuildFile; fileRef = 4A428FF02A7DA54E00695D16 /* Preview Assets.xcassets */; };
		4A428FF72A7DA54E00695D16 /* TaTeTiTest Watch App.app in Embed Watch Content */ = {isa = PBXBuildFile; fileRef = 4A428FF62A7DA54E00695D16 /* TaTeTiTest Watch App.app */; settings = {ATTRIBUTES = (RemoveHeadersOnCopy, ); }; };
		4A428FFC2A7DA54E00695D16 /* TaTeTiTestApp.swift in Sources */ = {isa = PBXBuildFile; fileRef = 4A428FFB2A7DA54E00695D16 /* TaTeTiTestApp.swift */; };
		4A428FFE2A7DA54E00695D16 /* ContentView.swift in Sources */ = {isa = PBXBuildFile; fileRef = 4A428FFD2A7DA54E00695D16 /* ContentView.swift */; };
		4A4290002A7DA54E00695D16 /* Assets.xcassets in Resources */ = {isa = PBXBuildFile; fileRef = 4A428FFF2A7DA54E00695D16 /* Assets.xcassets */; };
		4A4290032A7DA54E00695D16 /* Preview Assets.xcassets in Resources */ = {isa = PBXBuildFile; fileRef = 4A4290022A7DA54E00695D16 /* Preview Assets.xcassets */; };
		4AEEF96F2A7DAAE60057114E /* Class.swift in Sources */ = {isa = PBXBuildFile; fileRef = 4AEEF96E2A7DAAE60057114E /* Class.swift */; };
		4AEEF9722A7E1E930057114E /* GameData.swift in Sources */ = {isa = PBXBuildFile; fileRef = 4AEEF9702A7E12C30057114E /* GameData.swift */; };
		4AEEF9742A7F14DA0057114E /* GameDataAppWatch.swift in Sources */ = {isa = PBXBuildFile; fileRef = 4AEEF9732A7F14DA0057114E /* GameDataAppWatch.swift */; };
		4AEEF9762A7F15020057114E /* classAppWatch.swift in Sources */ = {isa = PBXBuildFile; fileRef = 4AEEF9752A7F15020057114E /* classAppWatch.swift */; };
/* End PBXBuildFile section */

/* Begin PBXContainerItemProxy section */
		4A428FF82A7DA54E00695D16 /* PBXContainerItemProxy */ = {
			isa = PBXContainerItemProxy;
			containerPortal = 4A428FDE2A7DA54D00695D16 /* Project object */;
			proxyType = 1;
			remoteGlobalIDString = 4A428FF52A7DA54E00695D16;
			remoteInfo = "TaTeTiTest Watch App";
		};
/* End PBXContainerItemProxy section */

/* Begin PBXCopyFilesBuildPhase section */
		4A4290092A7DA54E00695D16 /* Embed Watch Content */ = {
			isa = PBXCopyFilesBuildPhase;
			buildActionMask = 2147483647;
			dstPath = "$(CONTENTS_FOLDER_PATH)/Watch";
			dstSubfolderSpec = 16;
			files = (
				4A428FF72A7DA54E00695D16 /* TaTeTiTest Watch App.app in Embed Watch Content */,
			);
			name = "Embed Watch Content";
			runOnlyForDeploymentPostprocessing = 0;
		};
/* End PBXCopyFilesBuildPhase section */

/* Begin PBXFileReference section */
		4A428FE62A7DA54D00695D16 /* TaTeTiTest.app */ = {isa = PBXFileReference; explicitFileType = wrapper.application; includeInIndex = 0; path = TaTeTiTest.app; sourceTree = BUILT_PRODUCTS_DIR; };
		4A428FE92A7DA54D00695D16 /* TaTeTiTestApp.swift */ = {isa = PBXFileReference; lastKnownFileType = sourcecode.swift; path = TaTeTiTestApp.swift; sourceTree = "<group>"; };
		4A428FEB2A7DA54D00695D16 /* ContentView.swift */ = {isa = PBXFileReference; lastKnownFileType = sourcecode.swift; path = ContentView.swift; sourceTree = "<group>"; };
		4A428FED2A7DA54E00695D16 /* Assets.xcassets */ = {isa = PBXFileReference; lastKnownFileType = folder.assetcatalog; path = Assets.xcassets; sourceTree = "<group>"; };
		4A428FF02A7DA54E00695D16 /* Preview Assets.xcassets */ = {isa = PBXFileReference; lastKnownFileType = folder.assetcatalog; path = "Preview Assets.xcassets"; sourceTree = "<group>"; };
		4A428FF62A7DA54E00695D16 /* TaTeTiTest Watch App.app */ = {isa = PBXFileReference; explicitFileType = wrapper.application; includeInIndex = 0; path = "TaTeTiTest Watch App.app"; sourceTree = BUILT_PRODUCTS_DIR; };
		4A428FFB2A7DA54E00695D16 /* TaTeTiTestApp.swift */ = {isa = PBXFileReference; lastKnownFileType = sourcecode.swift; path = TaTeTiTestApp.swift; sourceTree = "<group>"; };
		4A428FFD2A7DA54E00695D16 /* ContentView.swift */ = {isa = PBXFileReference; lastKnownFileType = sourcecode.swift; path = ContentView.swift; sourceTree = "<group>"; };
		4A428FFF2A7DA54E00695D16 /* Assets.xcassets */ = {isa = PBXFileReference; lastKnownFileType = folder.assetcatalog; path = Assets.xcassets; sourceTree = "<group>"; };
		4A4290022A7DA54E00695D16 /* Preview Assets.xcassets */ = {isa = PBXFileReference; lastKnownFileType = folder.assetcatalog; path = "Preview Assets.xcassets"; sourceTree = "<group>"; };
		4AEEF96E2A7DAAE60057114E /* Class.swift */ = {isa = PBXFileReference; lastKnownFileType = sourcecode.swift; path = Class.swift; sourceTree = "<group>"; };
		4AEEF9702A7E12C30057114E /* GameData.swift */ = {isa = PBXFileReference; lastKnownFileType = sourcecode.swift; path = GameData.swift; sourceTree = "<group>"; };
		4AEEF9732A7F14DA0057114E /* GameDataAppWatch.swift */ = {isa = PBXFileReference; lastKnownFileType = sourcecode.swift; path = GameDataAppWatch.swift; sourceTree = "<group>"; };
		4AEEF9752A7F15020057114E /* classAppWatch.swift */ = {isa = PBXFileReference; lastKnownFileType = sourcecode.swift; path = classAppWatch.swift; sourceTree = "<group>"; };
/* End PBXFileReference section */

/* Begin PBXFrameworksBuildPhase section */
		4A428FE32A7DA54D00695D16 /* Frameworks */ = {
			isa = PBXFrameworksBuildPhase;
			buildActionMask = 2147483647;
			files = (
			);
			runOnlyForDeploymentPostprocessing = 0;
		};
		4A428FF32A7DA54E00695D16 /* Frameworks */ = {
			isa = PBXFrameworksBuildPhase;
			buildActionMask = 2147483647;
			files = (
			);
			runOnlyForDeploymentPostprocessing = 0;
		};
/* End PBXFrameworksBuildPhase section */

/* Begin PBXGroup section */
		4A428FDD2A7DA54D00695D16 = {
			isa = PBXGroup;
			children = (
				4A428FE82A7DA54D00695D16 /* TaTeTiTest */,
				4A428FFA2A7DA54E00695D16 /* TaTeTiTest Watch App */,
				4A428FE72A7DA54D00695D16 /* Products */,
			);
			sourceTree = "<group>";
		};
		4A428FE72A7DA54D00695D16 /* Products */ = {
			isa = PBXGroup;
			children = (
				4A428FE62A7DA54D00695D16 /* TaTeTiTest.app */,
				4A428FF62A7DA54E00695D16 /* TaTeTiTest Watch App.app */,
			);
			name = Products;
			sourceTree = "<group>";
		};
		4A428FE82A7DA54D00695D16 /* TaTeTiTest */ = {
			isa = PBXGroup;
			children = (
				4A428FE92A7DA54D00695D16 /* TaTeTiTestApp.swift */,
				4A428FEB2A7DA54D00695D16 /* ContentView.swift */,
				4AEEF96E2A7DAAE60057114E /* Class.swift */,
				4AEEF9702A7E12C30057114E /* GameData.swift */,
				4A428FED2A7DA54E00695D16 /* Assets.xcassets */,
				4A428FEF2A7DA54E00695D16 /* Preview Content */,
			);
			path = TaTeTiTest;
			sourceTree = "<group>";
		};
		4A428FEF2A7DA54E00695D16 /* Preview Content */ = {
			isa = PBXGroup;
			children = (
				4A428FF02A7DA54E00695D16 /* Preview Assets.xcassets */,
			);
			path = "Preview Content";
			sourceTree = "<group>";
		};
		4A428FFA2A7DA54E00695D16 /* TaTeTiTest Watch App */ = {
			isa = PBXGroup;
			children = (
				4A428FFB2A7DA54E00695D16 /* TaTeTiTestApp.swift */,
				4AEEF9732A7F14DA0057114E /* GameDataAppWatch.swift */,
				4AEEF9752A7F15020057114E /* classAppWatch.swift */,
				4A428FFD2A7DA54E00695D16 /* ContentView.swift */,
				4A428FFF2A7DA54E00695D16 /* Assets.xcassets */,
				4A4290012A7DA54E00695D16 /* Preview Content */,
			);
			path = "TaTeTiTest Watch App";
			sourceTree = "<group>";
		};
		4A4290012A7DA54E00695D16 /* Preview Content */ = {
			isa = PBXGroup;
			children = (
				4A4290022A7DA54E00695D16 /* Preview Assets.xcassets */,
			);
			path = "Preview Content";
			sourceTree = "<group>";
		};
/* End PBXGroup section */

/* Begin PBXNativeTarget section */
		4A428FE52A7DA54D00695D16 /* TaTeTiTest */ = {
			isa = PBXNativeTarget;
			buildConfigurationList = 4A42900A2A7DA54E00695D16 /* Build configuration list for PBXNativeTarget "TaTeTiTest" */;
			buildPhases = (
				4A428FE22A7DA54D00695D16 /* Sources */,
				4A428FE32A7DA54D00695D16 /* Frameworks */,
				4A428FE42A7DA54D00695D16 /* Resources */,
				4A4290092A7DA54E00695D16 /* Embed Watch Content */,
			);
			buildRules = (
			);
			dependencies = (
				4A428FF92A7DA54E00695D16 /* PBXTargetDependency */,
			);
			name = TaTeTiTest;
			productName = TaTeTiTest;
			productReference = 4A428FE62A7DA54D00695D16 /* TaTeTiTest.app */;
			productType = "com.apple.product-type.application";
		};
		4A428FF52A7DA54E00695D16 /* TaTeTiTest Watch App */ = {
			isa = PBXNativeTarget;
			buildConfigurationList = 4A4290062A7DA54E00695D16 /* Build configuration list for PBXNativeTarget "TaTeTiTest Watch App" */;
			buildPhases = (
				4A428FF22A7DA54E00695D16 /* Sources */,
				4A428FF32A7DA54E00695D16 /* Frameworks */,
				4A428FF42A7DA54E00695D16 /* Resources */,
			);
			buildRules = (
			);
			dependencies = (
			);
			name = "TaTeTiTest Watch App";
			productName = "TaTeTiTest Watch App";
			productReference = 4A428FF62A7DA54E00695D16 /* TaTeTiTest Watch App.app */;
			productType = "com.apple.product-type.application";
		};
/* End PBXNativeTarget section */

/* Begin PBXProject section */
		4A428FDE2A7DA54D00695D16 /* Project object */ = {
			isa = PBXProject;
			attributes = {
				BuildIndependentTargetsInParallel = 1;
				LastSwiftUpdateCheck = 1430;
				LastUpgradeCheck = 1430;
				TargetAttributes = {
					4A428FE52A7DA54D00695D16 = {
						CreatedOnToolsVersion = 14.3.1;
					};
					4A428FF52A7DA54E00695D16 = {
						CreatedOnToolsVersion = 14.3.1;
					};
				};
			};
			buildConfigurationList = 4A428FE12A7DA54D00695D16 /* Build configuration list for PBXProject "TaTeTiTest" */;
			compatibilityVersion = "Xcode 14.0";
			developmentRegion = en;
			hasScannedForEncodings = 0;
			knownRegions = (
				en,
				Base,
			);
			mainGroup = 4A428FDD2A7DA54D00695D16;
			productRefGroup = 4A428FE72A7DA54D00695D16 /* Products */;
			projectDirPath = "";
			projectRoot = "";
			targets = (
				4A428FE52A7DA54D00695D16 /* TaTeTiTest */,
				4A428FF52A7DA54E00695D16 /* TaTeTiTest Watch App */,
			);
		};
/* End PBXProject section */

/* Begin PBXResourcesBuildPhase section */
		4A428FE42A7DA54D00695D16 /* Resources */ = {
			isa = PBXResourcesBuildPhase;
			buildActionMask = 2147483647;
			files = (
				4A428FF12A7DA54E00695D16 /* Preview Assets.xcassets in Resources */,
				4A428FEE2A7DA54E00695D16 /* Assets.xcassets in Resources */,
			);
			runOnlyForDeploymentPostprocessing = 0;
		};
		4A428FF42A7DA54E00695D16 /* Resources */ = {
			isa = PBXResourcesBuildPhase;
			buildActionMask = 2147483647;
			files = (
				4A4290032A7DA54E00695D16 /* Preview Assets.xcassets in Resources */,
				4A4290002A7DA54E00695D16 /* Assets.xcassets in Resources */,
			);
			runOnlyForDeploymentPostprocessing = 0;
		};
/* End PBXResourcesBuildPhase section */

/* Begin PBXSourcesBuildPhase section */
		4A428FE22A7DA54D00695D16 /* Sources */ = {
			isa = PBXSourcesBuildPhase;
			buildActionMask = 2147483647;
			files = (
				4AEEF96F2A7DAAE60057114E /* Class.swift in Sources */,
				4AEEF9722A7E1E930057114E /* GameData.swift in Sources */,
				4A428FEC2A7DA54D00695D16 /* ContentView.swift in Sources */,
				4A428FEA2A7DA54D00695D16 /* TaTeTiTestApp.swift in Sources */,
			);
			runOnlyForDeploymentPostprocessing = 0;
		};
		4A428FF22A7DA54E00695D16 /* Sources */ = {
			isa = PBXSourcesBuildPhase;
			buildActionMask = 2147483647;
			files = (
				4AEEF9762A7F15020057114E /* classAppWatch.swift in Sources */,
				4AEEF9742A7F14DA0057114E /* GameDataAppWatch.swift in Sources */,
				4A428FFE2A7DA54E00695D16 /* ContentView.swift in Sources */,
				4A428FFC2A7DA54E00695D16 /* TaTeTiTestApp.swift in Sources */,
			);
			runOnlyForDeploymentPostprocessing = 0;
		};
/* End PBXSourcesBuildPhase section */

/* Begin PBXTargetDependency section */
		4A428FF92A7DA54E00695D16 /* PBXTargetDependency */ = {
			isa = PBXTargetDependency;
			target = 4A428FF52A7DA54E00695D16 /* TaTeTiTest Watch App */;
			targetProxy = 4A428FF82A7DA54E00695D16 /* PBXContainerItemProxy */;
		};
/* End PBXTargetDependency section */

/* Begin XCBuildConfiguration section */
		4A4290042A7DA54E00695D16 /* Debug */ = {
			isa = XCBuildConfiguration;
			buildSettings = {
				ALWAYS_SEARCH_USER_PATHS = NO;
				CLANG_ANALYZER_NONNULL = YES;
				CLANG_ANALYZER_NUMBER_OBJECT_CONVERSION = YES_AGGRESSIVE;
				CLANG_CXX_LANGUAGE_STANDARD = "gnu++20";
				CLANG_ENABLE_MODULES = YES;
				CLANG_ENABLE_OBJC_ARC = YES;
				CLANG_ENABLE_OBJC_WEAK = YES;
				CLANG_WARN_BLOCK_CAPTURE_AUTORELEASING = YES;
				CLANG_WARN_BOOL_CONVERSION = YES;
				CLANG_WARN_COMMA = YES;
				CLANG_WARN_CONSTANT_CONVERSION = YES;
				CLANG_WARN_DEPRECATED_OBJC_IMPLEMENTATIONS = YES;
				CLANG_WARN_DIRECT_OBJC_ISA_USAGE = YES_ERROR;
				CLANG_WARN_DOCUMENTATION_COMMENTS = YES;
				CLANG_WARN_EMPTY_BODY = YES;
				CLANG_WARN_ENUM_CONVERSION = YES;
				CLANG_WARN_INFINITE_RECURSION = YES;
				CLANG_WARN_INT_CONVERSION = YES;
				CLANG_WARN_NON_LITERAL_NULL_CONVERSION = YES;
				CLANG_WARN_OBJC_IMPLICIT_RETAIN_SELF = YES;
				CLANG_WARN_OBJC_LITERAL_CONVERSION = YES;
				CLANG_WARN_OBJC_ROOT_CLASS = YES_ERROR;
				CLANG_WARN_QUOTED_INCLUDE_IN_FRAMEWORK_HEADER = YES;
				CLANG_WARN_RANGE_LOOP_ANALYSIS = YES;
				CLANG_WARN_STRICT_PROTOTYPES = YES;
				CLANG_WARN_SUSPICIOUS_MOVE = YES;
				CLANG_WARN_UNGUARDED_AVAILABILITY = YES_AGGRESSIVE;
				CLANG_WARN_UNREACHABLE_CODE = YES;
				CLANG_WARN__DUPLICATE_METHOD_MATCH = YES;
				COPY_PHASE_STRIP = NO;
				DEBUG_INFORMATION_FORMAT = dwarf;
				ENABLE_STRICT_OBJC_MSGSEND = YES;
				ENABLE_TESTABILITY = YES;
				GCC_C_LANGUAGE_STANDARD = gnu11;
				GCC_DYNAMIC_NO_PIC = NO;
				GCC_NO_COMMON_BLOCKS = YES;
				GCC_OPTIMIZATION_LEVEL = 0;
				GCC_PREPROCESSOR_DEFINITIONS = (
					"DEBUG=1",
					"$(inherited)",
				);
				GCC_WARN_64_TO_32_BIT_CONVERSION = YES;
				GCC_WARN_ABOUT_RETURN_TYPE = YES_ERROR;
				GCC_WARN_UNDECLARED_SELECTOR = YES;
				GCC_WARN_UNINITIALIZED_AUTOS = YES_AGGRESSIVE;
				GCC_WARN_UNUSED_FUNCTION = YES;
				GCC_WARN_UNUSED_VARIABLE = YES;
				MTL_ENABLE_DEBUG_INFO = INCLUDE_SOURCE;
				MTL_FAST_MATH = YES;
				ONLY_ACTIVE_ARCH = YES;
				SWIFT_ACTIVE_COMPILATION_CONDITIONS = DEBUG;
				SWIFT_OPTIMIZATION_LEVEL = "-Onone";
			};
			name = Debug;
		};
		4A4290052A7DA54E00695D16 /* Release */ = {
			isa = XCBuildConfiguration;
			buildSettings = {
				ALWAYS_SEARCH_USER_PATHS = NO;
				CLANG_ANALYZER_NONNULL = YES;
				CLANG_ANALYZER_NUMBER_OBJECT_CONVERSION = YES_AGGRESSIVE;
				CLANG_CXX_LANGUAGE_STANDARD = "gnu++20";
				CLANG_ENABLE_MODULES = YES;
				CLANG_ENABLE_OBJC_ARC = YES;
				CLANG_ENABLE_OBJC_WEAK = YES;
				CLANG_WARN_BLOCK_CAPTURE_AUTORELEASING = YES;
				CLANG_WARN_BOOL_CONVERSION = YES;
				CLANG_WARN_COMMA = YES;
				CLANG_WARN_CONSTANT_CONVERSION = YES;
				CLANG_WARN_DEPRECATED_OBJC_IMPLEMENTATIONS = YES;
				CLANG_WARN_DIRECT_OBJC_ISA_USAGE = YES_ERROR;
				CLANG_WARN_DOCUMENTATION_COMMENTS = YES;
				CLANG_WARN_EMPTY_BODY = YES;
				CLANG_WARN_ENUM_CONVERSION = YES;
				CLANG_WARN_INFINITE_RECURSION = YES;
				CLANG_WARN_INT_CONVERSION = YES;
				CLANG_WARN_NON_LITERAL_NULL_CONVERSION = YES;
				CLANG_WARN_OBJC_IMPLICIT_RETAIN_SELF = YES;
				CLANG_WARN_OBJC_LITERAL_CONVERSION = YES;
				CLANG_WARN_OBJC_ROOT_CLASS = YES_ERROR;
				CLANG_WARN_QUOTED_INCLUDE_IN_FRAMEWORK_HEADER = YES;
				CLANG_WARN_RANGE_LOOP_ANALYSIS = YES;
				CLANG_WARN_STRICT_PROTOTYPES = YES;
				CLANG_WARN_SUSPICIOUS_MOVE = YES;
				CLANG_WARN_UNGUARDED_AVAILABILITY = YES_AGGRESSIVE;
				CLANG_WARN_UNREACHABLE_CODE = YES;
				CLANG_WARN__DUPLICATE_METHOD_MATCH = YES;
				COPY_PHASE_STRIP = NO;
				DEBUG_INFORMATION_FORMAT = "dwarf-with-dsym";
				ENABLE_NS_ASSERTIONS = NO;
				ENABLE_STRICT_OBJC_MSGSEND = YES;
				GCC_C_LANGUAGE_STANDARD = gnu11;
				GCC_NO_COMMON_BLOCKS = YES;
				GCC_WARN_64_TO_32_BIT_CONVERSION = YES;
				GCC_WARN_ABOUT_RETURN_TYPE = YES_ERROR;
				GCC_WARN_UNDECLARED_SELECTOR = YES;
				GCC_WARN_UNINITIALIZED_AUTOS = YES_AGGRESSIVE;
				GCC_WARN_UNUSED_FUNCTION = YES;
				GCC_WARN_UNUSED_VARIABLE = YES;
				MTL_ENABLE_DEBUG_INFO = NO;
				MTL_FAST_MATH = YES;
				SWIFT_COMPILATION_MODE = wholemodule;
				SWIFT_OPTIMIZATION_LEVEL = "-O";
			};
			name = Release;
		};
		4A4290072A7DA54E00695D16 /* Debug */ = {
			isa = XCBuildConfiguration;
			buildSettings = {
				ASSETCATALOG_COMPILER_APPICON_NAME = AppIcon;
				ASSETCATALOG_COMPILER_GLOBAL_ACCENT_COLOR_NAME = AccentColor;
				CODE_SIGN_STYLE = Automatic;
				CURRENT_PROJECT_VERSION = 1;
				DEVELOPMENT_ASSET_PATHS = "\"TaTeTiTest Watch App/Preview Content\"";
				DEVELOPMENT_TEAM = W765WFC8Q7;
				ENABLE_PREVIEWS = YES;
				GENERATE_INFOPLIST_FILE = YES;
				INFOPLIST_KEY_CFBundleDisplayName = TaTeTiTest;
				INFOPLIST_KEY_UISupportedInterfaceOrientations = "UIInterfaceOrientationPortrait UIInterfaceOrientationPortraitUpsideDown";
				INFOPLIST_KEY_WKCompanionAppBundleIdentifier = com.TaTeTiTest;
				LD_RUNPATH_SEARCH_PATHS = (
					"$(inherited)",
					"@executable_path/Frameworks",
				);
				MARKETING_VERSION = 1.0;
				PRODUCT_BUNDLE_IDENTIFIER = com.TaTeTiTest.watchkitapp;
				PRODUCT_NAME = "$(TARGET_NAME)";
				SDKROOT = watchos;
				SKIP_INSTALL = YES;
				SWIFT_EMIT_LOC_STRINGS = YES;
				SWIFT_VERSION = 5.0;
				TARGETED_DEVICE_FAMILY = 4;
				WATCHOS_DEPLOYMENT_TARGET = 9.4;
			};
			name = Debug;
		};
		4A4290082A7DA54E00695D16 /* Release */ = {
			isa = XCBuildConfiguration;
			buildSettings = {
				ASSETCATALOG_COMPILER_APPICON_NAME = AppIcon;
				ASSETCATALOG_COMPILER_GLOBAL_ACCENT_COLOR_NAME = AccentColor;
				CODE_SIGN_STYLE = Automatic;
				CURRENT_PROJECT_VERSION = 1;
				DEVELOPMENT_ASSET_PATHS = "\"TaTeTiTest Watch App/Preview Content\"";
				DEVELOPMENT_TEAM = W765WFC8Q7;
				ENABLE_PREVIEWS = YES;
				GENERATE_INFOPLIST_FILE = YES;
				INFOPLIST_KEY_CFBundleDisplayName = TaTeTiTest;
				INFOPLIST_KEY_UISupportedInterfaceOrientations = "UIInterfaceOrientationPortrait UIInterfaceOrientationPortraitUpsideDown";
				INFOPLIST_KEY_WKCompanionAppBundleIdentifier = com.TaTeTiTest;
				LD_RUNPATH_SEARCH_PATHS = (
					"$(inherited)",
					"@executable_path/Frameworks",
				);
				MARKETING_VERSION = 1.0;
				PRODUCT_BUNDLE_IDENTIFIER = com.TaTeTiTest.watchkitapp;
				PRODUCT_NAME = "$(TARGET_NAME)";
				SDKROOT = watchos;
				SKIP_INSTALL = YES;
				SWIFT_EMIT_LOC_STRINGS = YES;
				SWIFT_VERSION = 5.0;
				TARGETED_DEVICE_FAMILY = 4;
				VALIDATE_PRODUCT = YES;
				WATCHOS_DEPLOYMENT_TARGET = 9.4;
			};
			name = Release;
		};
		4A42900B2A7DA54E00695D16 /* Debug */ = {
			isa = XCBuildConfiguration;
			buildSettings = {
				ALWAYS_EMBED_SWIFT_STANDARD_LIBRARIES = YES;
				ASSETCATALOG_COMPILER_APPICON_NAME = AppIcon;
				ASSETCATALOG_COMPILER_GLOBAL_ACCENT_COLOR_NAME = AccentColor;
				CODE_SIGN_STYLE = Automatic;
				CURRENT_PROJECT_VERSION = 1;
				DEVELOPMENT_ASSET_PATHS = "\"TaTeTiTest/Preview Content\"";
				DEVELOPMENT_TEAM = W765WFC8Q7;
				ENABLE_PREVIEWS = YES;
				GENERATE_INFOPLIST_FILE = YES;
				INFOPLIST_KEY_CFBundleDisplayName = TaTeTiTest;
				INFOPLIST_KEY_UIApplicationSceneManifest_Generation = YES;
				INFOPLIST_KEY_UIApplicationSupportsIndirectInputEvents = YES;
				INFOPLIST_KEY_UILaunchScreen_Generation = YES;
				INFOPLIST_KEY_UISupportedInterfaceOrientations_iPad = "UIInterfaceOrientationPortrait UIInterfaceOrientationPortraitUpsideDown UIInterfaceOrientationLandscapeLeft UIInterfaceOrientationLandscapeRight";
				INFOPLIST_KEY_UISupportedInterfaceOrientations_iPhone = "UIInterfaceOrientationPortrait UIInterfaceOrientationLandscapeLeft UIInterfaceOrientationLandscapeRight";
				IPHONEOS_DEPLOYMENT_TARGET = 16.4;
				LD_RUNPATH_SEARCH_PATHS = (
					"$(inherited)",
					"@executable_path/Frameworks",
				);
				MARKETING_VERSION = 1.0;
				PRODUCT_BUNDLE_IDENTIFIER = com.TaTeTiTest;
				PRODUCT_NAME = "$(TARGET_NAME)";
				SDKROOT = iphoneos;
				SWIFT_EMIT_LOC_STRINGS = YES;
				SWIFT_VERSION = 5.0;
				TARGETED_DEVICE_FAMILY = "1,2";
			};
			name = Debug;
		};
		4A42900C2A7DA54E00695D16 /* Release */ = {
			isa = XCBuildConfiguration;
			buildSettings = {
				ALWAYS_EMBED_SWIFT_STANDARD_LIBRARIES = YES;
				ASSETCATALOG_COMPILER_APPICON_NAME = AppIcon;
				ASSETCATALOG_COMPILER_GLOBAL_ACCENT_COLOR_NAME = AccentColor;
				CODE_SIGN_STYLE = Automatic;
				CURRENT_PROJECT_VERSION = 1;
				DEVELOPMENT_ASSET_PATHS = "\"TaTeTiTest/Preview Content\"";
				DEVELOPMENT_TEAM = W765WFC8Q7;
				ENABLE_PREVIEWS = YES;
				GENERATE_INFOPLIST_FILE = YES;
				INFOPLIST_KEY_CFBundleDisplayName = TaTeTiTest;
				INFOPLIST_KEY_UIApplicationSceneManifest_Generation = YES;
				INFOPLIST_KEY_UIApplicationSupportsIndirectInputEvents = YES;
				INFOPLIST_KEY_UILaunchScreen_Generation = YES;
				INFOPLIST_KEY_UISupportedInterfaceOrientations_iPad = "UIInterfaceOrientationPortrait UIInterfaceOrientationPortraitUpsideDown UIInterfaceOrientationLandscapeLeft UIInterfaceOrientationLandscapeRight";
				INFOPLIST_KEY_UISupportedInterfaceOrientations_iPhone = "UIInterfaceOrientationPortrait UIInterfaceOrientationLandscapeLeft UIInterfaceOrientationLandscapeRight";
				IPHONEOS_DEPLOYMENT_TARGET = 16.4;
				LD_RUNPATH_SEARCH_PATHS = (
					"$(inherited)",
					"@executable_path/Frameworks",
				);
				MARKETING_VERSION = 1.0;
				PRODUCT_BUNDLE_IDENTIFIER = com.TaTeTiTest;
				PRODUCT_NAME = "$(TARGET_NAME)";
				SDKROOT = iphoneos;
				SWIFT_EMIT_LOC_STRINGS = YES;
				SWIFT_VERSION = 5.0;
				TARGETED_DEVICE_FAMILY = "1,2";
				VALIDATE_PRODUCT = YES;
			};
			name = Release;
		};
/* End XCBuildConfiguration section */

/* Begin XCConfigurationList section */
		4A428FE12A7DA54D00695D16 /* Build configuration list for PBXProject "TaTeTiTest" */ = {
			isa = XCConfigurationList;
			buildConfigurations = (
				4A4290042A7DA54E00695D16 /* Debug */,
				4A4290052A7DA54E00695D16 /* Release */,
			);
			defaultConfigurationIsVisible = 0;
			defaultConfigurationName = Release;
		};
		4A4290062A7DA54E00695D16 /* Build configuration list for PBXNativeTarget "TaTeTiTest Watch App" */ = {
			isa = XCConfigurationList;
			buildConfigurations = (
				4A4290072A7DA54E00695D16 /* Debug */,
				4A4290082A7DA54E00695D16 /* Release */,
			);
			defaultConfigurationIsVisible = 0;
			defaultConfigurationName = Release;
		};
		4A42900A2A7DA54E00695D16 /* Build configuration list for PBXNativeTarget "TaTeTiTest" */ = {
			isa = XCConfigurationList;
			buildConfigurations = (
				4A42900B2A7DA54E00695D16 /* Debug */,
				4A42900C2A7DA54E00695D16 /* Release */,
			);
			defaultConfigurationIsVisible = 0;
			defaultConfigurationName = Release;
		};
/* End XCConfigurationList section */
	};
	rootObject = 4A428FDE2A7DA54D00695D16 /* Project object */;
}
